
Microsoft Visual Studio Solution File, Format Version 12.00
Project("{FAE04EC0-301F-11D3-BF4B-00C04F79EFBC}") = "Domain", "Domain\Domain.csproj", "{F8DEA74E-65F4-4B77-A6BF-88C28388F2B6}"
EndProject
Project("{FAE04EC0-301F-11D3-BF4B-00C04F79EFBC}") = "Aplication", "Aplication\Aplication.csproj", "{B6A9BCE8-943A-478F-9A13-6ABB6629A4BC}"
EndProject
Project("{2150E333-8FDC-42A3-9474-1A3956D46DE8}") = "Core", "Core", "{E3B9C939-7A44-4A28-93A2-53B335D3320B}"
EndProject
Project("{2150E333-8FDC-42A3-9474-1A3956D46DE8}") = "Infrastructure", "Infrastructure", "{AA7E082B-4258-42CA-AB74-98A0D1E9092C}"
EndProject
Project("{FAE04EC0-301F-11D3-BF4B-00C04F79EFBC}") = "Persistence", "Infrastructure\Persistence\Persistence.csproj", "{5473C935-DD58-4A05-A546-04271AD18D27}"
EndProject
Project("{2150E333-8FDC-42A3-9474-1A3956D46DE8}") = "Presentation", "Presentation", "{E9443934-E693-45E5-B7DE-9324B6F5BD4E}"
EndProject
Project("{2150E333-8FDC-42A3-9474-1A3956D46DE8}") = "Tests", "Tests", "{ACC7600C-9189-46FA-989F-81554304D9D9}"
EndProject
Project("{FAE04EC0-301F-11D3-BF4B-00C04F79EFBC}") = "WebApi", "WebApi\WebApi.csproj", "{9F1BE2ED-D6D6-4D6C-8184-3B77C9D78472}"
EndProject
Global
	GlobalSection(SolutionConfigurationPlatforms) = preSolution
		Debug|Any CPU = Debug|Any CPU
		Release|Any CPU = Release|Any CPU
	EndGlobalSection
	GlobalSection(ProjectConfigurationPlatforms) = postSolution
		{F8DEA74E-65F4-4B77-A6BF-88C28388F2B6}.Debug|Any CPU.ActiveCfg = Debug|Any CPU
		{F8DEA74E-65F4-4B77-A6BF-88C28388F2B6}.Debug|Any CPU.Build.0 = Debug|Any CPU
		{F8DEA74E-65F4-4B77-A6BF-88C28388F2B6}.Release|Any CPU.ActiveCfg = Release|Any CPU
		{F8DEA74E-65F4-4B77-A6BF-88C28388F2B6}.Release|Any CPU.Build.0 = Release|Any CPU
		{B6A9BCE8-943A-478F-9A13-6ABB6629A4BC}.Debug|Any CPU.ActiveCfg = Debug|Any CPU
		{B6A9BCE8-943A-478F-9A13-6ABB6629A4BC}.Debug|Any CPU.Build.0 = Debug|Any CPU
		{B6A9BCE8-943A-478F-9A13-6ABB6629A4BC}.Release|Any CPU.ActiveCfg = Release|Any CPU
		{B6A9BCE8-943A-478F-9A13-6ABB6629A4BC}.Release|Any CPU.Build.0 = Release|Any CPU
		{5473C935-DD58-4A05-A546-04271AD18D27}.Debug|Any CPU.ActiveCfg = Debug|Any CPU
		{5473C935-DD58-4A05-A546-04271AD18D27}.Debug|Any CPU.Build.0 = Debug|Any CPU
		{5473C935-DD58-4A05-A546-04271AD18D27}.Release|Any CPU.ActiveCfg = Release|Any CPU
		{5473C935-DD58-4A05-A546-04271AD18D27}.Release|Any CPU.Build.0 = Release|Any CPU
		{9F1BE2ED-D6D6-4D6C-8184-3B77C9D78472}.Debug|Any CPU.ActiveCfg = Debug|Any CPU
		{9F1BE2ED-D6D6-4D6C-8184-3B77C9D78472}.Debug|Any CPU.Build.0 = Debug|Any CPU
		{9F1BE2ED-D6D6-4D6C-8184-3B77C9D78472}.Release|Any CPU.ActiveCfg = Release|Any CPU
		{9F1BE2ED-D6D6-4D6C-8184-3B77C9D78472}.Release|Any CPU.Build.0 = Release|Any CPU
	EndGlobalSection
	GlobalSection(NestedProjects) = preSolution
		{B6A9BCE8-943A-478F-9A13-6ABB6629A4BC} = {E3B9C939-7A44-4A28-93A2-53B335D3320B}
		{F8DEA74E-65F4-4B77-A6BF-88C28388F2B6} = {E3B9C939-7A44-4A28-93A2-53B335D3320B}
		{5473C935-DD58-4A05-A546-04271AD18D27} = {AA7E082B-4258-42CA-AB74-98A0D1E9092C}
		{9F1BE2ED-D6D6-4D6C-8184-3B77C9D78472} = {E9443934-E693-45E5-B7DE-9324B6F5BD4E}
	EndGlobalSection
EndGlobal
